{
  "name": "concordat-interop-tests",
  "version": "1.0.0",
  "lockfileVersion": 3,
  "requires": true,
  "packages": {
    "": {
      "name": "concordat-interop-tests",
      "version": "1.0.0",
      "dependencies": {
        "concordat": "file:../pkg"
      }
    },
    "../pkg": {
      "name": "concordat",
      "version": "0.1.0",
      "license": "MIT OR Apache-2.0"
    },
    "node_modules/concordat": {
      "resolved": "../pkg",
      "link": true
    }
  }
}
